PODS:
  - BFRadialWaveView (HEAD based on 1.4.5):
    - UIColor+BFPaperColors
  - UIColor+BFPaperColors (1.5.1)

DEPENDENCIES:
  - BFRadialWaveView (HEAD)

SPEC CHECKSUMS:
  BFRadialWaveView: 8247c05a4b6104184322eb2cefb922876881792b
  UIColor+BFPaperColors: 4b2baddaef5bee61159068b5cca5b765e5e58a08

COCOAPODS: 0.36.3
