PODS:
  - BFRadialWaveView (1.4.6):
    - UIColor+BFPaperColors
  - UIColor+BFPaperColors (1.7.2)

DEPENDENCIES:
  - BFRadialWaveView (~> 1.4.6)

SPEC CHECKSUMS:
  BFRadialWaveView: dcf3f2b07b3993e6e748fd3489e490d94c1052a8
  UIColor+BFPaperColors: 03101fe6c10ed00c6daae7c26553f1de41500853

COCOAPODS: 0.39.0
